{
  "markbot": "1afd6ea45627992080368043a405248fa12473ff557e5092dafd3e718b42f517",
  "markbotignore": "030a4e6e1b3b6b510514a7ae54576e2c2ef762d56236c6414ef634955d96a126",
  "index-320.png": "f7667470bf91df578e8015d3a4f70761274cfe1e12d7309821f0271bbc49b9bd",
  "index-1440.png": "d0e403bd964c09f8ec3d6e7cd39139e6a8de4e99504320243d45dd8fc4761750"
}